
Microsoft Visual Studio Solution File, Format Version 12.00
# Visual Studio 15
VisualStudioVersion = 15.0.28307.168
MinimumVisualStudioVersion = 10.0.40219.1
Project("{FAE04EC0-301F-11D3-BF4B-00C04F79EFBC}") = "AsPNetCoreApp", "AsPNetCoreApp\AsPNetCoreApp.csproj", "{539DFB07-601A-4470-9072-1C2EBCC41E87}"
EndProject
Global
	GlobalSection(SolutionConfigurationPlatforms) = preSolution
		Debug|Any CPU = Debug|Any CPU
		Release|Any CPU = Release|Any CPU
	EndGlobalSection
	GlobalSection(ProjectConfigurationPlatforms) = postSolution
		{539DFB07-601A-4470-9072-1C2EBCC41E87}.Debug|Any CPU.ActiveCfg = Debug|Any CPU
		{539DFB07-601A-4470-9072-1C2EBCC41E87}.Debug|Any CPU.Build.0 = Debug|Any CPU
		{539DFB07-601A-4470-9072-1C2EBCC41E87}.Release|Any CPU.ActiveCfg = Release|Any CPU
		{539DFB07-601A-4470-9072-1C2EBCC41E87}.Release|Any CPU.Build.0 = Release|Any CPU
	EndGlobalSection
	GlobalSection(SolutionProperties) = preSolution
		HideSolutionNode = FALSE
	EndGlobalSection
	GlobalSection(ExtensibilityGlobals) = postSolution
		SolutionGuid = {2763A855-09B8-4DBB-AABC-572E17126DD2}
	EndGlobalSection
EndGlobal
